
Microsoft Visual Studio Solution File, Format Version 12.00
# Visual Studio Version 16
VisualStudioVersion = 16.0.31410.357
MinimumVisualStudioVersion = 10.0.40219.1
Project("{9A19103F-16F7-4668-BE54-9A1E7A4F7556}") = "Api", "Api\Api.csproj", "{C9115CCE-6A68-4D4D-B1B6-F7C7AB127B8D}"
EndProject
Project("{9A19103F-16F7-4668-BE54-9A1E7A4F7556}") = "DataAccess", "DataAccess\DataAccess.csproj", "{839BC985-9A2B-4EF3-9E8B-F191C0F1F8BA}"
EndProject
Project("{9A19103F-16F7-4668-BE54-9A1E7A4F7556}") = "Model", "Model\Model.csproj", "{5C0BDEF2-34CC-410C-A2A7-4847E3349FD5}"
EndProject
Project("{FAE04EC0-301F-11D3-BF4B-00C04F79EFBC}") = "ConsoleClient", "ConsoleClient\ConsoleClient.csproj", "{155608A4-9581-4C07-8E71-F76AC095896B}"
EndProject
Global
	GlobalSection(SolutionConfigurationPlatforms) = preSolution
		Debug|Any CPU = Debug|Any CPU
		Release|Any CPU = Release|Any CPU
	EndGlobalSection
	GlobalSection(ProjectConfigurationPlatforms) = postSolution
		{C9115CCE-6A68-4D4D-B1B6-F7C7AB127B8D}.Debug|Any CPU.ActiveCfg = Debug|Any CPU
		{C9115CCE-6A68-4D4D-B1B6-F7C7AB127B8D}.Debug|Any CPU.Build.0 = Debug|Any CPU
		{C9115CCE-6A68-4D4D-B1B6-F7C7AB127B8D}.Release|Any CPU.ActiveCfg = Release|Any CPU
		{C9115CCE-6A68-4D4D-B1B6-F7C7AB127B8D}.Release|Any CPU.Build.0 = Release|Any CPU
		{839BC985-9A2B-4EF3-9E8B-F191C0F1F8BA}.Debug|Any CPU.ActiveCfg = Debug|Any CPU
		{839BC985-9A2B-4EF3-9E8B-F191C0F1F8BA}.Debug|Any CPU.Build.0 = Debug|Any CPU
		{839BC985-9A2B-4EF3-9E8B-F191C0F1F8BA}.Release|Any CPU.ActiveCfg = Release|Any CPU
		{839BC985-9A2B-4EF3-9E8B-F191C0F1F8BA}.Release|Any CPU.Build.0 = Release|Any CPU
		{5C0BDEF2-34CC-410C-A2A7-4847E3349FD5}.Debug|Any CPU.ActiveCfg = Debug|Any CPU
		{5C0BDEF2-34CC-410C-A2A7-4847E3349FD5}.Debug|Any CPU.Build.0 = Debug|Any CPU
		{5C0BDEF2-34CC-410C-A2A7-4847E3349FD5}.Release|Any CPU.ActiveCfg = Release|Any CPU
		{5C0BDEF2-34CC-410C-A2A7-4847E3349FD5}.Release|Any CPU.Build.0 = Release|Any CPU
		{155608A4-9581-4C07-8E71-F76AC095896B}.Debug|Any CPU.ActiveCfg = Debug|Any CPU
		{155608A4-9581-4C07-8E71-F76AC095896B}.Debug|Any CPU.Build.0 = Debug|Any CPU
		{155608A4-9581-4C07-8E71-F76AC095896B}.Release|Any CPU.ActiveCfg = Release|Any CPU
		{155608A4-9581-4C07-8E71-F76AC095896B}.Release|Any CPU.Build.0 = Release|Any CPU
	EndGlobalSection
	GlobalSection(SolutionProperties) = preSolution
		HideSolutionNode = FALSE
	EndGlobalSection
	GlobalSection(ExtensibilityGlobals) = postSolution
		SolutionGuid = {3A75F36E-3B73-4DB3-BD63-C7EF1E472C0E}
	EndGlobalSection
EndGlobal
